
Microsoft Visual Studio Solution File, Format Version 12.00
# Visual Studio Version 17
VisualStudioVersion = 17.12.35527.113
MinimumVisualStudioVersion = 10.0.40219.1
Project("{FAE04EC0-301F-11D3-BF4B-00C04F79EFBC}") = "CMS.Data", "CMS.Data\CMS.Data.csproj", "{3570FBFE-F7A3-4FCD-B8F8-076D7D8628F9}"
EndProject
Project("{FAE04EC0-301F-11D3-BF4B-00C04F79EFBC}") = "CMS.Backend", "CMS.Backend\CMS.Backend.csproj", "{E8039FCB-6191-489D-9343-E3DFC5CCF919}"
EndProject
Project("{E24C65DC-7377-472B-9ABA-BC803B73C61A}") = "cms.frontend", "cms.frontend\", "{D994274D-880D-4086-BEC8-252389C75280}"
	ProjectSection(WebsiteProperties) = preProject
		TargetFrameworkMoniker = ".NETFramework,Version%3Dv4.8"
		Debug.AspNetCompiler.VirtualPath = "/localhost_56707"
		Debug.AspNetCompiler.PhysicalPath = "cms.frontend\"
		Debug.AspNetCompiler.TargetPath = "PrecompiledWeb\localhost_56707\"
		Debug.AspNetCompiler.Updateable = "true"
		Debug.AspNetCompiler.ForceOverwrite = "true"
		Debug.AspNetCompiler.FixedNames = "false"
		Debug.AspNetCompiler.Debug = "True"
		Release.AspNetCompiler.VirtualPath = "/localhost_56707"
		Release.AspNetCompiler.PhysicalPath = "cms.frontend\"
		Release.AspNetCompiler.TargetPath = "PrecompiledWeb\localhost_56707\"
		Release.AspNetCompiler.Updateable = "true"
		Release.AspNetCompiler.ForceOverwrite = "true"
		Release.AspNetCompiler.FixedNames = "false"
		Release.AspNetCompiler.Debug = "False"
		VWDPort = "56707"
		SlnRelativePath = "cms.frontend\"
	EndProjectSection
EndProject
Global
	GlobalSection(SolutionConfigurationPlatforms) = preSolution
		Debug|Any CPU = Debug|Any CPU
		Release|Any CPU = Release|Any CPU
	EndGlobalSection
	GlobalSection(ProjectConfigurationPlatforms) = postSolution
		{3570FBFE-F7A3-4FCD-B8F8-076D7D8628F9}.Debug|Any CPU.ActiveCfg = Debug|Any CPU
		{3570FBFE-F7A3-4FCD-B8F8-076D7D8628F9}.Debug|Any CPU.Build.0 = Debug|Any CPU
		{3570FBFE-F7A3-4FCD-B8F8-076D7D8628F9}.Release|Any CPU.ActiveCfg = Release|Any CPU
		{3570FBFE-F7A3-4FCD-B8F8-076D7D8628F9}.Release|Any CPU.Build.0 = Release|Any CPU
		{E8039FCB-6191-489D-9343-E3DFC5CCF919}.Debug|Any CPU.ActiveCfg = Debug|Any CPU
		{E8039FCB-6191-489D-9343-E3DFC5CCF919}.Debug|Any CPU.Build.0 = Debug|Any CPU
		{E8039FCB-6191-489D-9343-E3DFC5CCF919}.Release|Any CPU.ActiveCfg = Release|Any CPU
		{E8039FCB-6191-489D-9343-E3DFC5CCF919}.Release|Any CPU.Build.0 = Release|Any CPU
		{D994274D-880D-4086-BEC8-252389C75280}.Debug|Any CPU.ActiveCfg = Debug|Any CPU
		{D994274D-880D-4086-BEC8-252389C75280}.Debug|Any CPU.Build.0 = Debug|Any CPU
		{D994274D-880D-4086-BEC8-252389C75280}.Release|Any CPU.ActiveCfg = Debug|Any CPU
		{D994274D-880D-4086-BEC8-252389C75280}.Release|Any CPU.Build.0 = Debug|Any CPU
	EndGlobalSection
	GlobalSection(SolutionProperties) = preSolution
		HideSolutionNode = FALSE
	EndGlobalSection
EndGlobal
